// !$*UTF8*$!
{
	archiveVersion = 1;
	classes = {
	};
	objectVersion = 77;
	objects = {

/* Begin PBXBuildFile section */
		44D22B926D16E7C173457228 /* DetailRail.swift in Sources */ = {isa = PBXBuildFile; fileRef = C7E6FA1A94CEE9C22CFB566A /* DetailRail.swift */; };
		488BF2089285F13417005847 /* NewBotSheet.swift in Sources */ = {isa = PBXBuildFile; fileRef = B133E8092EF8FA68F0222731 /* NewBotSheet.swift */; };
		49DE2E9CEE1236B22B62D172 /* Composer.swift in Sources */ = {isa = PBXBuildFile; fileRef = 55E221D6034194D8F4BDB884 /* Composer.swift */; };
		5131C81C9A3E6E1538015577 /* Assets.xcassets in Resources */ = {isa = PBXBuildFile; fileRef = E435C8AAE185181BA4C260CA /* Assets.xcassets */; };
		51BE75839CA8A64496525819 /* KrogApp.swift in Sources */ = {isa = PBXBuildFile; fileRef = 96B1AB1409273FF7286B8A83 /* KrogApp.swift */; };
		6F0D6A8C50DA36FFDB765030 /* Blocks.swift in Sources */ = {isa = PBXBuildFile; fileRef = 41D664BF4CAD9823F7621366 /* Blocks.swift */; };
		7C8F8A1D3819CF8B8F0C2953 /* RootView.swift in Sources */ = {isa = PBXBuildFile; fileRef = 13A7628F51CE98CEA0DD1E6A /* RootView.swift */; };
		A31544AD97D936FC59F79ADE /* BotListView.swift in Sources */ = {isa = PBXBuildFile; fileRef = 7A9A2C4D6480F7C2BC501022 /* BotListView.swift */; };
		A4964B18CA7FD2B63896AF64 /* BotAvatar.swift in Sources */ = {isa = PBXBuildFile; fileRef = 6DDFF0B0A9289DEE414C498C /* BotAvatar.swift */; };
		C674793AACF4E1F3072E7832 /* KrogClient.swift in Sources */ = {isa = PBXBuildFile; fileRef = EF7ACF3AE8BBF1CE95ED9759 /* KrogClient.swift */; };
		C674CB9D6178B9844D49C413 /* MessageRow.swift in Sources */ = {isa = PBXBuildFile; fileRef = E420CB5CFEF7066DD24C4C7A /* MessageRow.swift */; };
		D7237D07593FF4EC7820D7B8 /* Entities.swift in Sources */ = {isa = PBXBuildFile; fileRef = 5DCF205E969ACC97A3C8222E /* Entities.swift */; };
		F60D240F3014485F52F3B126 /* ChatView.swift in Sources */ = {isa = PBXBuildFile; fileRef = D091E4F14BC8B08335A02596 /* ChatView.swift */; };
		FEE91BF2CFF91DD94D8EDB37 /* AppModel.swift in Sources */ = {isa = PBXBuildFile; fileRef = 6EF04143D0F6344E31CEB437 /* AppModel.swift */; };
/* End PBXBuildFile section */

/* Begin PBXFileReference section */
		13A7628F51CE98CEA0DD1E6A /* RootView.swift */ = {isa = PBXFileReference; lastKnownFileType = sourcecode.swift; path = RootView.swift; sourceTree = "<group>"; };
		41D664BF4CAD9823F7621366 /* Blocks.swift */ = {isa = PBXFileReference; lastKnownFileType = sourcecode.swift; path = Blocks.swift; sourceTree = "<group>"; };
		55E221D6034194D8F4BDB884 /* Composer.swift */ = {isa = PBXFileReference; lastKnownFileType = sourcecode.swift; path = Composer.swift; sourceTree = "<group>"; };
		5DCF205E969ACC97A3C8222E /* Entities.swift */ = {isa = PBXFileReference; lastKnownFileType = sourcecode.swift; path = Entities.swift; sourceTree = "<group>"; };
		6DDFF0B0A9289DEE414C498C /* BotAvatar.swift */ = {isa = PBXFileReference; lastKnownFileType = sourcecode.swift; path = BotAvatar.swift; sourceTree = "<group>"; };
		6EF04143D0F6344E31CEB437 /* AppModel.swift */ = {isa = PBXFileReference; lastKnownFileType = sourcecode.swift; path = AppModel.swift; sourceTree = "<group>"; };
		7A9A2C4D6480F7C2BC501022 /* BotListView.swift */ = {isa = PBXFileReference; lastKnownFileType = sourcecode.swift; path = BotListView.swift; sourceTree = "<group>"; };
		9397C5991163B69040903A75 /* Krog.entitlements */ = {isa = PBXFileReference; lastKnownFileType = text.plist.entitlements; path = Krog.entitlements; sourceTree = "<group>"; };
		96B1AB1409273FF7286B8A83 /* KrogApp.swift */ = {isa = PBXFileReference; lastKnownFileType = sourcecode.swift; path = KrogApp.swift; sourceTree = "<group>"; };
		B133E8092EF8FA68F0222731 /* NewBotSheet.swift */ = {isa = PBXFileReference; lastKnownFileType = sourcecode.swift; path = NewBotSheet.swift; sourceTree = "<group>"; };
		C7E6FA1A94CEE9C22CFB566A /* DetailRail.swift */ = {isa = PBXFileReference; lastKnownFileType = sourcecode.swift; path = DetailRail.swift; sourceTree = "<group>"; };
		D091E4F14BC8B08335A02596 /* ChatView.swift */ = {isa = PBXFileReference; lastKnownFileType = sourcecode.swift; path = ChatView.swift; sourceTree = "<group>"; };
		E24E745B62B20BC8076E35EA /* Krog.app */ = {isa = PBXFileReference; includeInIndex = 0; lastKnownFileType = wrapper.application; path = Krog.app; sourceTree = BUILT_PRODUCTS_DIR; };
		E420CB5CFEF7066DD24C4C7A /* MessageRow.swift */ = {isa = PBXFileReference; lastKnownFileType = sourcecode.swift; path = MessageRow.swift; sourceTree = "<group>"; };
		E435C8AAE185181BA4C260CA /* Assets.xcassets */ = {isa = PBXFileReference; lastKnownFileType = folder.assetcatalog; path = Assets.xcassets; sourceTree = "<group>"; };
		EF7ACF3AE8BBF1CE95ED9759 /* KrogClient.swift */ = {isa = PBXFileReference; lastKnownFileType = sourcecode.swift; path = KrogClient.swift; sourceTree = "<group>"; };
/* End PBXFileReference section */

/* Begin PBXGroup section */
		099D4F0BCE1F0913827A3358 = {
			isa = PBXGroup;
			children = (
				F99C034D74D74AD5E9A4F51C /* Krog */,
				4AF5D986D6AD27526B4C5D00 /* Products */,
			);
			sourceTree = "<group>";
		};
		3EE14910258249DC7F0B8C70 /* State */ = {
			isa = PBXGroup;
			children = (
				6EF04143D0F6344E31CEB437 /* AppModel.swift */,
			);
			path = State;
			sourceTree = "<group>";
		};
		42FE77BA654317A0828AFF04 /* Components */ = {
			isa = PBXGroup;
			children = (
				6DDFF0B0A9289DEE414C498C /* BotAvatar.swift */,
				55E221D6034194D8F4BDB884 /* Composer.swift */,
				E420CB5CFEF7066DD24C4C7A /* MessageRow.swift */,
			);
			path = Components;
			sourceTree = "<group>";
		};
		4AF5D986D6AD27526B4C5D00 /* Products */ = {
			isa = PBXGroup;
			children = (
				E24E745B62B20BC8076E35EA /* Krog.app */,
			);
			name = Products;
			sourceTree = "<group>";
		};
		C5E600EDCA19E9F7F75608C6 /* Resources */ = {
			isa = PBXGroup;
			children = (
				E435C8AAE185181BA4C260CA /* Assets.xcassets */,
			);
			path = Resources;
			sourceTree = "<group>";
		};
		C5FCE96C4CE6C42DDD5F089F /* Views */ = {
			isa = PBXGroup;
			children = (
				7A9A2C4D6480F7C2BC501022 /* BotListView.swift */,
				D091E4F14BC8B08335A02596 /* ChatView.swift */,
				C7E6FA1A94CEE9C22CFB566A /* DetailRail.swift */,
				B133E8092EF8FA68F0222731 /* NewBotSheet.swift */,
				13A7628F51CE98CEA0DD1E6A /* RootView.swift */,
				42FE77BA654317A0828AFF04 /* Components */,
			);
			path = Views;
			sourceTree = "<group>";
		};
		CDF5180170BD36FE5A912263 /* Models */ = {
			isa = PBXGroup;
			children = (
				41D664BF4CAD9823F7621366 /* Blocks.swift */,
				5DCF205E969ACC97A3C8222E /* Entities.swift */,
			);
			path = Models;
			sourceTree = "<group>";
		};
		E03077D62A73F4589F5EAA9E /* Client */ = {
			isa = PBXGroup;
			children = (
				EF7ACF3AE8BBF1CE95ED9759 /* KrogClient.swift */,
			);
			path = Client;
			sourceTree = "<group>";
		};
		F99C034D74D74AD5E9A4F51C /* Krog */ = {
			isa = PBXGroup;
			children = (
				9397C5991163B69040903A75 /* Krog.entitlements */,
				96B1AB1409273FF7286B8A83 /* KrogApp.swift */,
				E03077D62A73F4589F5EAA9E /* Client */,
				CDF5180170BD36FE5A912263 /* Models */,
				C5E600EDCA19E9F7F75608C6 /* Resources */,
				3EE14910258249DC7F0B8C70 /* State */,
				C5FCE96C4CE6C42DDD5F089F /* Views */,
			);
			path = Krog;
			sourceTree = "<group>";
		};
/* End PBXGroup section */

/* Begin PBXNativeTarget section */
		444F04A6D58C780260627521 /* Krog */ = {
			isa = PBXNativeTarget;
			buildConfigurationList = 30080E4BE4023A15F4A5D32A /* Build configuration list for PBXNativeTarget "Krog" */;
			buildPhases = (
				9D4CB8653F357639BF0BCA11 /* Sources */,
				A9606C2C6F674B06BA0378D2 /* Resources */,
			);
			buildRules = (
			);
			dependencies = (
			);
			name = Krog;
			packageProductDependencies = (
			);
			productName = Krog;
			productReference = E24E745B62B20BC8076E35EA /* Krog.app */;
			productType = "com.apple.product-type.application";
		};
/* End PBXNativeTarget section */

/* Begin PBXProject section */
		0EDF5398C338EB794C321E7A /* Project object */ = {
			isa = PBXProject;
			attributes = {
				BuildIndependentTargetsInParallel = YES;
				LastUpgradeCheck = 1430;
				TargetAttributes = {
					444F04A6D58C780260627521 = {
						ProvisioningStyle = Manual;
					};
				};
			};
			buildConfigurationList = 6167F6236CF5BE60E25367A0 /* Build configuration list for PBXProject "Krog" */;
			developmentRegion = en;
			hasScannedForEncodings = 0;
			knownRegions = (
				Base,
				en,
			);
			mainGroup = 099D4F0BCE1F0913827A3358;
			minimizedProjectReferenceProxies = 1;
			preferredProjectObjectVersion = 77;
			productRefGroup = 4AF5D986D6AD27526B4C5D00 /* Products */;
			projectDirPath = "";
			projectRoot = "";
			targets = (
				444F04A6D58C780260627521 /* Krog */,
			);
		};
/* End PBXProject section */

/* Begin PBXResourcesBuildPhase section */
		A9606C2C6F674B06BA0378D2 /* Resources */ = {
			isa = PBXResourcesBuildPhase;
			buildActionMask = 2147483647;
			files = (
				5131C81C9A3E6E1538015577 /* Assets.xcassets in Resources */,
			);
			runOnlyForDeploymentPostprocessing = 0;
		};
/* End PBXResourcesBuildPhase section */

/* Begin PBXSourcesBuildPhase section */
		9D4CB8653F357639BF0BCA11 /* Sources */ = {
			isa = PBXSourcesBuildPhase;
			buildActionMask = 2147483647;
			files = (
				FEE91BF2CFF91DD94D8EDB37 /* AppModel.swift in Sources */,
				6F0D6A8C50DA36FFDB765030 /* Blocks.swift in Sources */,
				A4964B18CA7FD2B63896AF64 /* BotAvatar.swift in Sources */,
				A31544AD97D936FC59F79ADE /* BotListView.swift in Sources */,
				F60D240F3014485F52F3B126 /* ChatView.swift in Sources */,
				49DE2E9CEE1236B22B62D172 /* Composer.swift in Sources */,
				44D22B926D16E7C173457228 /* DetailRail.swift in Sources */,
				D7237D07593FF4EC7820D7B8 /* Entities.swift in Sources */,
				51BE75839CA8A64496525819 /* KrogApp.swift in Sources */,
				C674793AACF4E1F3072E7832 /* KrogClient.swift in Sources */,
				C674CB9D6178B9844D49C413 /* MessageRow.swift in Sources */,
				488BF2089285F13417005847 /* NewBotSheet.swift in Sources */,
				7C8F8A1D3819CF8B8F0C2953 /* RootView.swift in Sources */,
			);
			runOnlyForDeploymentPostprocessing = 0;
		};
/* End PBXSourcesBuildPhase section */

/* Begin XCBuildConfiguration section */
		314D0A3B732314A22C1819FE /* Debug */ = {
			isa = XCBuildConfiguration;
			buildSettings = {
				ASSETCATALOG_COMPILER_APPICON_NAME = AppIcon;
				CODE_SIGN_ENTITLEMENTS = Krog/Krog.entitlements;
				COMBINE_HIDPI_IMAGES = YES;
				ENABLE_APP_SANDBOX = YES;
				ENABLE_PREVIEWS = YES;
				GENERATE_INFOPLIST_FILE = YES;
				INFOPLIST_KEY_CFBundleDisplayName = Krog;
				INFOPLIST_KEY_UILaunchScreen_Generation = YES;
				INFOPLIST_KEY_UISupportedInterfaceOrientations_iPad = "UIInterfaceOrientationPortrait UIInterfaceOrientationPortraitUpsideDown UIInterfaceOrientationLandscapeLeft UIInterfaceOrientationLandscapeRight";
				INFOPLIST_KEY_UISupportedInterfaceOrientations_iPhone = "UIInterfaceOrientationPortrait UIInterfaceOrientationLandscapeLeft UIInterfaceOrientationLandscapeRight";
				LD_RUNPATH_SEARCH_PATHS = (
					"$(inherited)",
					"@executable_path/../Frameworks",
				);
				PRODUCT_BUNDLE_IDENTIFIER = com.narralabs.krog;
				SDKROOT = auto;
				SUPPORTED_PLATFORMS = macosx;
				SUPPORTS_MACCATALYST = NO;
				SUPPORTS_MAC_DESIGNED_FOR_IPHONE_IPAD = NO;
				TARGETED_DEVICE_FAMILY = "";
			};
			name = Debug;
		};
		46C0A24B277217AEFC96B024 /* Release */ = {
			isa = XCBuildConfiguration;
			buildSettings = {
				ASSETCATALOG_COMPILER_APPICON_NAME = AppIcon;
				CODE_SIGN_ENTITLEMENTS = Krog/Krog.entitlements;
				COMBINE_HIDPI_IMAGES = YES;
				ENABLE_APP_SANDBOX = YES;
				ENABLE_PREVIEWS = YES;
				GENERATE_INFOPLIST_FILE = YES;
				INFOPLIST_KEY_CFBundleDisplayName = Krog;
				INFOPLIST_KEY_UILaunchScreen_Generation = YES;
				INFOPLIST_KEY_UISupportedInterfaceOrientations_iPad = "UIInterfaceOrientationPortrait UIInterfaceOrientationPortraitUpsideDown UIInterfaceOrientationLandscapeLeft UIInterfaceOrientationLandscapeRight";
				INFOPLIST_KEY_UISupportedInterfaceOrientations_iPhone = "UIInterfaceOrientationPortrait UIInterfaceOrientationLandscapeLeft UIInterfaceOrientationLandscapeRight";
				LD_RUNPATH_SEARCH_PATHS = (
					"$(inherited)",
					"@executable_path/../Frameworks",
				);
				PRODUCT_BUNDLE_IDENTIFIER = com.narralabs.krog;
				SDKROOT = auto;
				SUPPORTED_PLATFORMS = macosx;
				SUPPORTS_MACCATALYST = NO;
				SUPPORTS_MAC_DESIGNED_FOR_IPHONE_IPAD = NO;
				TARGETED_DEVICE_FAMILY = "";
			};
			name = Release;
		};
		D0A493A48C4299C81365E9A9 /* Debug */ = {
			isa = XCBuildConfiguration;
			buildSettings = {
				ALWAYS_SEARCH_USER_PATHS = NO;
				CLANG_ANALYZER_NONNULL = YES;
				CLANG_ANALYZER_NUMBER_OBJECT_CONVERSION = YES_AGGRESSIVE;
				CLANG_CXX_LANGUAGE_STANDARD = "gnu++14";
				CLANG_CXX_LIBRARY = "libc++";
				CLANG_ENABLE_MODULES = YES;
				CLANG_ENABLE_OBJC_ARC = YES;
				CLANG_ENABLE_OBJC_WEAK = YES;
				CLANG_WARN_BLOCK_CAPTURE_AUTORELEASING = YES;
				CLANG_WARN_BOOL_CONVERSION = YES;
				CLANG_WARN_COMMA = YES;
				CLANG_WARN_CONSTANT_CONVERSION = YES;
				CLANG_WARN_DEPRECATED_OBJC_IMPLEMENTATIONS = YES;
				CLANG_WARN_DIRECT_OBJC_ISA_USAGE = YES_ERROR;
				CLANG_WARN_DOCUMENTATION_COMMENTS = YES;
				CLANG_WARN_EMPTY_BODY = YES;
				CLANG_WARN_ENUM_CONVERSION = YES;
				CLANG_WARN_INFINITE_RECURSION = YES;
				CLANG_WARN_INT_CONVERSION = YES;
				CLANG_WARN_NON_LITERAL_NULL_CONVERSION = YES;
				CLANG_WARN_OBJC_IMPLICIT_RETAIN_SELF = YES;
				CLANG_WARN_OBJC_LITERAL_CONVERSION = YES;
				CLANG_WARN_OBJC_ROOT_CLASS = YES_ERROR;
				CLANG_WARN_QUOTED_INCLUDE_IN_FRAMEWORK_HEADER = YES;
				CLANG_WARN_RANGE_LOOP_ANALYSIS = YES;
				CLANG_WARN_STRICT_PROTOTYPES = YES;
				CLANG_WARN_SUSPICIOUS_MOVE = YES;
				CLANG_WARN_UNGUARDED_AVAILABILITY = YES_AGGRESSIVE;
				CLANG_WARN_UNREACHABLE_CODE = YES;
				CLANG_WARN__DUPLICATE_METHOD_MATCH = YES;
				CODE_SIGNING_ALLOWED = YES;
				CODE_SIGNING_REQUIRED = YES;
				CODE_SIGN_IDENTITY = "-";
				CODE_SIGN_STYLE = Manual;
				COPY_PHASE_STRIP = NO;
				CURRENT_PROJECT_VERSION = 1;
				DEBUG_INFORMATION_FORMAT = dwarf;
				ENABLE_HARDENED_RUNTIME = NO;
				ENABLE_STRICT_OBJC_MSGSEND = YES;
				ENABLE_TESTABILITY = YES;
				GCC_C_LANGUAGE_STANDARD = gnu11;
				GCC_DYNAMIC_NO_PIC = NO;
				GCC_NO_COMMON_BLOCKS = YES;
				GCC_OPTIMIZATION_LEVEL = 0;
				GCC_PREPROCESSOR_DEFINITIONS = (
					"$(inherited)",
					"DEBUG=1",
				);
				GCC_WARN_64_TO_32_BIT_CONVERSION = YES;
				GCC_WARN_ABOUT_RETURN_TYPE = YES_ERROR;
				GCC_WARN_UNDECLARED_SELECTOR = YES;
				GCC_WARN_UNINITIALIZED_AUTOS = YES_AGGRESSIVE;
				GCC_WARN_UNUSED_FUNCTION = YES;
				GCC_WARN_UNUSED_VARIABLE = YES;
				IPHONEOS_DEPLOYMENT_TARGET = 17.0;
				MACOSX_DEPLOYMENT_TARGET = 14.0;
				MARKETING_VERSION = 0.1.0;
				MTL_ENABLE_DEBUG_INFO = INCLUDE_SOURCE;
				MTL_FAST_MATH = YES;
				ONLY_ACTIVE_ARCH = YES;
				PRODUCT_NAME = "$(TARGET_NAME)";
				SDKROOT = auto;
				SWIFT_ACTIVE_COMPILATION_CONDITIONS = DEBUG;
				SWIFT_OPTIMIZATION_LEVEL = "-Onone";
				SWIFT_STRICT_CONCURRENCY = minimal;
				SWIFT_VERSION = 5.0;
			};
			name = Debug;
		};
		D11988644AFBC1C02142FD27 /* Release */ = {
			isa = XCBuildConfiguration;
			buildSettings = {
				ALWAYS_SEARCH_USER_PATHS = NO;
				CLANG_ANALYZER_NONNULL = YES;
				CLANG_ANALYZER_NUMBER_OBJECT_CONVERSION = YES_AGGRESSIVE;
				CLANG_CXX_LANGUAGE_STANDARD = "gnu++14";
				CLANG_CXX_LIBRARY = "libc++";
				CLANG_ENABLE_MODULES = YES;
				CLANG_ENABLE_OBJC_ARC = YES;
				CLANG_ENABLE_OBJC_WEAK = YES;
				CLANG_WARN_BLOCK_CAPTURE_AUTORELEASING = YES;
				CLANG_WARN_BOOL_CONVERSION = YES;
				CLANG_WARN_COMMA = YES;
				CLANG_WARN_CONSTANT_CONVERSION = YES;
				CLANG_WARN_DEPRECATED_OBJC_IMPLEMENTATIONS = YES;
				CLANG_WARN_DIRECT_OBJC_ISA_USAGE = YES_ERROR;
				CLANG_WARN_DOCUMENTATION_COMMENTS = YES;
				CLANG_WARN_EMPTY_BODY = YES;
				CLANG_WARN_ENUM_CONVERSION = YES;
				CLANG_WARN_INFINITE_RECURSION = YES;
				CLANG_WARN_INT_CONVERSION = YES;
				CLANG_WARN_NON_LITERAL_NULL_CONVERSION = YES;
				CLANG_WARN_OBJC_IMPLICIT_RETAIN_SELF = YES;
				CLANG_WARN_OBJC_LITERAL_CONVERSION = YES;
				CLANG_WARN_OBJC_ROOT_CLASS = YES_ERROR;
				CLANG_WARN_QUOTED_INCLUDE_IN_FRAMEWORK_HEADER = YES;
				CLANG_WARN_RANGE_LOOP_ANALYSIS = YES;
				CLANG_WARN_STRICT_PROTOTYPES = YES;
				CLANG_WARN_SUSPICIOUS_MOVE = YES;
				CLANG_WARN_UNGUARDED_AVAILABILITY = YES_AGGRESSIVE;
				CLANG_WARN_UNREACHABLE_CODE = YES;
				CLANG_WARN__DUPLICATE_METHOD_MATCH = YES;
				CODE_SIGNING_ALLOWED = YES;
				CODE_SIGNING_REQUIRED = YES;
				CODE_SIGN_IDENTITY = "-";
				CODE_SIGN_STYLE = Manual;
				COPY_PHASE_STRIP = NO;
				CURRENT_PROJECT_VERSION = 1;
				DEBUG_INFORMATION_FORMAT = "dwarf-with-dsym";
				ENABLE_HARDENED_RUNTIME = NO;
				ENABLE_NS_ASSERTIONS = NO;
				ENABLE_STRICT_OBJC_MSGSEND = YES;
				GCC_C_LANGUAGE_STANDARD = gnu11;
				GCC_NO_COMMON_BLOCKS = YES;
				GCC_WARN_64_TO_32_BIT_CONVERSION = YES;
				GCC_WARN_ABOUT_RETURN_TYPE = YES_ERROR;
				GCC_WARN_UNDECLARED_SELECTOR = YES;
				GCC_WARN_UNINITIALIZED_AUTOS = YES_AGGRESSIVE;
				GCC_WARN_UNUSED_FUNCTION = YES;
				GCC_WARN_UNUSED_VARIABLE = YES;
				IPHONEOS_DEPLOYMENT_TARGET = 17.0;
				MACOSX_DEPLOYMENT_TARGET = 14.0;
				MARKETING_VERSION = 0.1.0;
				MTL_ENABLE_DEBUG_INFO = NO;
				MTL_FAST_MATH = YES;
				PRODUCT_NAME = "$(TARGET_NAME)";
				SDKROOT = auto;
				SWIFT_COMPILATION_MODE = wholemodule;
				SWIFT_OPTIMIZATION_LEVEL = "-O";
				SWIFT_STRICT_CONCURRENCY = minimal;
				SWIFT_VERSION = 5.0;
			};
			name = Release;
		};
/* End XCBuildConfiguration section */

/* Begin XCConfigurationList section */
		30080E4BE4023A15F4A5D32A /* Build configuration list for PBXNativeTarget "Krog" */ = {
			isa = XCConfigurationList;
			buildConfigurations = (
				314D0A3B732314A22C1819FE /* Debug */,
				46C0A24B277217AEFC96B024 /* Release */,
			);
			defaultConfigurationIsVisible = 0;
			defaultConfigurationName = Debug;
		};
		6167F6236CF5BE60E25367A0 /* Build configuration list for PBXProject "Krog" */ = {
			isa = XCConfigurationList;
			buildConfigurations = (
				D0A493A48C4299C81365E9A9 /* Debug */,
				D11988644AFBC1C02142FD27 /* Release */,
			);
			defaultConfigurationIsVisible = 0;
			defaultConfigurationName = Debug;
		};
/* End XCConfigurationList section */
	};
	rootObject = 0EDF5398C338EB794C321E7A /* Project object */;
}
